
Microsoft Visual Studio Solution File, Format Version 12.00
# Visual Studio Version 16
VisualStudioVersion = 16.0.31624.102
MinimumVisualStudioVersion = 10.0.40219.1
Project("{FAE04EC0-301F-11D3-BF4B-00C04F79EFBC}") = "lesson8_2.0", "lesson8_2.0\lesson8_2.0.csproj", "{DD271986-90E6-4024-8229-C20E8A835823}"
EndProject
Global
	GlobalSection(SolutionConfigurationPlatforms) = preSolution
		Debug|Any CPU = Debug|Any CPU
		Release|Any CPU = Release|Any CPU
	EndGlobalSection
	GlobalSection(ProjectConfigurationPlatforms) = postSolution
		{DD271986-90E6-4024-8229-C20E8A835823}.Debug|Any CPU.ActiveCfg = Debug|Any CPU
		{DD271986-90E6-4024-8229-C20E8A835823}.Debug|Any CPU.Build.0 = Debug|Any CPU
		{DD271986-90E6-4024-8229-C20E8A835823}.Release|Any CPU.ActiveCfg = Release|Any CPU
		{DD271986-90E6-4024-8229-C20E8A835823}.Release|Any CPU.Build.0 = Release|Any CPU
	EndGlobalSection
	GlobalSection(SolutionProperties) = preSolution
		HideSolutionNode = FALSE
	EndGlobalSection
	GlobalSection(ExtensibilityGlobals) = postSolution
		SolutionGuid = {D71896A3-AFF1-402A-89D0-5BD48F24D37C}
	EndGlobalSection
EndGlobal
